
Microsoft Visual Studio Solution File, Format Version 12.00
# Visual Studio Version 16
VisualStudioVersion = 16.0.30320.27
MinimumVisualStudioVersion = 10.0.40219.1
Project("{9A19103F-16F7-4668-BE54-9A1E7A4F7556}") = "Extract BF", "PROGRAMS\Extract BF\Extract BF.csproj", "{82672E5A-8D56-42A5-B731-C2446542AF7F}"
EndProject
Project("{9A19103F-16F7-4668-BE54-9A1E7A4F7556}") = "LibellusCommon", "LIBS\Common\LibellusCommon.csproj", "{FC8726B7-06C9-474C-9DC5-4486479FA5A9}"
EndProject
Project("{2150E333-8FDC-42A3-9474-1A3956D46DE8}") = "ATLUSPAK", "ATLUSPAK", "{D5C776F7-90BB-48C6-BB2C-D9A2038B22AA}"
EndProject
Project("{2150E333-8FDC-42A3-9474-1A3956D46DE8}") = "LIBS", "LIBS", "{848CBD24-818B-43AC-8009-70D2CDA044DC}"
EndProject
Project("{2150E333-8FDC-42A3-9474-1A3956D46DE8}") = "PROGRAMS", "PROGRAMS", "{6E938C43-A34C-4710-8AF9-A75405BF5C07}"
EndProject
Project("{FAE04EC0-301F-11D3-BF4B-00C04F79EFBC}") = "AtlusFileSystemLibrary", "LIBS\AtlusFileSystemLibrary\AtlusFileSystemLibrary.csproj", "{9960B785-6207-44E8-BA42-EC7F6F785344}"
EndProject
Project("{FAE04EC0-301F-11D3-BF4B-00C04F79EFBC}") = "PAKPack", "LIBS\PAKPack\PAKPack.csproj", "{1124E0D2-B2A5-4AAB-B005-CBFFFBE9F407}"
EndProject
Global
	GlobalSection(SolutionConfigurationPlatforms) = preSolution
		Debug|Any CPU = Debug|Any CPU
		Debug|x64 = Debug|x64
		Release|Any CPU = Release|Any CPU
		Release|x64 = Release|x64
	EndGlobalSection
	GlobalSection(ProjectConfigurationPlatforms) = postSolution
		{82672E5A-8D56-42A5-B731-C2446542AF7F}.Debug|Any CPU.ActiveCfg = Debug|Any CPU
		{82672E5A-8D56-42A5-B731-C2446542AF7F}.Debug|Any CPU.Build.0 = Debug|Any CPU
		{82672E5A-8D56-42A5-B731-C2446542AF7F}.Debug|x64.ActiveCfg = Debug|Any CPU
		{82672E5A-8D56-42A5-B731-C2446542AF7F}.Debug|x64.Build.0 = Debug|Any CPU
		{82672E5A-8D56-42A5-B731-C2446542AF7F}.Release|Any CPU.ActiveCfg = Release|Any CPU
		{82672E5A-8D56-42A5-B731-C2446542AF7F}.Release|Any CPU.Build.0 = Release|Any CPU
		{82672E5A-8D56-42A5-B731-C2446542AF7F}.Release|x64.ActiveCfg = Release|Any CPU
		{82672E5A-8D56-42A5-B731-C2446542AF7F}.Release|x64.Build.0 = Release|Any CPU
		{FC8726B7-06C9-474C-9DC5-4486479FA5A9}.Debug|Any CPU.ActiveCfg = Debug|Any CPU
		{FC8726B7-06C9-474C-9DC5-4486479FA5A9}.Debug|Any CPU.Build.0 = Debug|Any CPU
		{FC8726B7-06C9-474C-9DC5-4486479FA5A9}.Debug|x64.ActiveCfg = Debug|Any CPU
		{FC8726B7-06C9-474C-9DC5-4486479FA5A9}.Debug|x64.Build.0 = Debug|Any CPU
		{FC8726B7-06C9-474C-9DC5-4486479FA5A9}.Release|Any CPU.ActiveCfg = Release|Any CPU
		{FC8726B7-06C9-474C-9DC5-4486479FA5A9}.Release|Any CPU.Build.0 = Release|Any CPU
		{FC8726B7-06C9-474C-9DC5-4486479FA5A9}.Release|x64.ActiveCfg = Release|Any CPU
		{FC8726B7-06C9-474C-9DC5-4486479FA5A9}.Release|x64.Build.0 = Release|Any CPU
		{9960B785-6207-44E8-BA42-EC7F6F785344}.Debug|Any CPU.ActiveCfg = Debug|Any CPU
		{9960B785-6207-44E8-BA42-EC7F6F785344}.Debug|Any CPU.Build.0 = Debug|Any CPU
		{9960B785-6207-44E8-BA42-EC7F6F785344}.Debug|x64.ActiveCfg = Debug|x64
		{9960B785-6207-44E8-BA42-EC7F6F785344}.Debug|x64.Build.0 = Debug|x64
		{9960B785-6207-44E8-BA42-EC7F6F785344}.Release|Any CPU.ActiveCfg = Release|Any CPU
		{9960B785-6207-44E8-BA42-EC7F6F785344}.Release|Any CPU.Build.0 = Release|Any CPU
		{9960B785-6207-44E8-BA42-EC7F6F785344}.Release|x64.ActiveCfg = Release|x64
		{9960B785-6207-44E8-BA42-EC7F6F785344}.Release|x64.Build.0 = Release|x64
		{1124E0D2-B2A5-4AAB-B005-CBFFFBE9F407}.Debug|Any CPU.ActiveCfg = Debug|Any CPU
		{1124E0D2-B2A5-4AAB-B005-CBFFFBE9F407}.Debug|Any CPU.Build.0 = Debug|Any CPU
		{1124E0D2-B2A5-4AAB-B005-CBFFFBE9F407}.Debug|x64.ActiveCfg = Debug|Any CPU
		{1124E0D2-B2A5-4AAB-B005-CBFFFBE9F407}.Debug|x64.Build.0 = Debug|Any CPU
		{1124E0D2-B2A5-4AAB-B005-CBFFFBE9F407}.Release|Any CPU.ActiveCfg = Release|Any CPU
		{1124E0D2-B2A5-4AAB-B005-CBFFFBE9F407}.Release|Any CPU.Build.0 = Release|Any CPU
		{1124E0D2-B2A5-4AAB-B005-CBFFFBE9F407}.Release|x64.ActiveCfg = Release|Any CPU
		{1124E0D2-B2A5-4AAB-B005-CBFFFBE9F407}.Release|x64.Build.0 = Release|Any CPU
	EndGlobalSection
	GlobalSection(SolutionProperties) = preSolution
		HideSolutionNode = FALSE
	EndGlobalSection
	GlobalSection(NestedProjects) = preSolution
		{82672E5A-8D56-42A5-B731-C2446542AF7F} = {6E938C43-A34C-4710-8AF9-A75405BF5C07}
		{FC8726B7-06C9-474C-9DC5-4486479FA5A9} = {848CBD24-818B-43AC-8009-70D2CDA044DC}
		{D5C776F7-90BB-48C6-BB2C-D9A2038B22AA} = {848CBD24-818B-43AC-8009-70D2CDA044DC}
		{9960B785-6207-44E8-BA42-EC7F6F785344} = {D5C776F7-90BB-48C6-BB2C-D9A2038B22AA}
		{1124E0D2-B2A5-4AAB-B005-CBFFFBE9F407} = {D5C776F7-90BB-48C6-BB2C-D9A2038B22AA}
	EndGlobalSection
	GlobalSection(ExtensibilityGlobals) = postSolution
		SolutionGuid = {F69A595D-0A2E-43C1-8A94-B17E99E3D1CF}
	EndGlobalSection
EndGlobal
