
Microsoft Visual Studio Solution File, Format Version 12.00
# Visual Studio Version 16
VisualStudioVersion = 16.0.30320.27
MinimumVisualStudioVersion = 10.0.40219.1
Project("{9A19103F-16F7-4668-BE54-9A1E7A4F7556}") = "Extract BF", "Extract BF\Extract BF.csproj", "{82672E5A-8D56-42A5-B731-C2446542AF7F}"
EndProject
Project("{FAE04EC0-301F-11D3-BF4B-00C04F79EFBC}") = "LibellusCommon", "Common\LibellusCommon.csproj", "{FC8726B7-06C9-474C-9DC5-4486479FA5A9}"
EndProject
Global
	GlobalSection(SolutionConfigurationPlatforms) = preSolution
		Debug|Any CPU = Debug|Any CPU
		Release|Any CPU = Release|Any CPU
	EndGlobalSection
	GlobalSection(ProjectConfigurationPlatforms) = postSolution
		{82672E5A-8D56-42A5-B731-C2446542AF7F}.Debug|Any CPU.ActiveCfg = Debug|Any CPU
		{82672E5A-8D56-42A5-B731-C2446542AF7F}.Debug|Any CPU.Build.0 = Debug|Any CPU
		{82672E5A-8D56-42A5-B731-C2446542AF7F}.Release|Any CPU.ActiveCfg = Release|Any CPU
		{82672E5A-8D56-42A5-B731-C2446542AF7F}.Release|Any CPU.Build.0 = Release|Any CPU
		{FC8726B7-06C9-474C-9DC5-4486479FA5A9}.Debug|Any CPU.ActiveCfg = Debug|Any CPU
		{FC8726B7-06C9-474C-9DC5-4486479FA5A9}.Debug|Any CPU.Build.0 = Debug|Any CPU
		{FC8726B7-06C9-474C-9DC5-4486479FA5A9}.Release|Any CPU.ActiveCfg = Release|Any CPU
		{FC8726B7-06C9-474C-9DC5-4486479FA5A9}.Release|Any CPU.Build.0 = Release|Any CPU
	EndGlobalSection
	GlobalSection(SolutionProperties) = preSolution
		HideSolutionNode = FALSE
	EndGlobalSection
	GlobalSection(ExtensibilityGlobals) = postSolution
		SolutionGuid = {F69A595D-0A2E-43C1-8A94-B17E99E3D1CF}
	EndGlobalSection
EndGlobal
